
Microsoft Visual Studio Solution File, Format Version 12.00
# Visual Studio 2012
Project("{FAE04EC0-301F-11D3-BF4B-00C04F79EFBC}") = "TestConsoleUtility", "TestConsoleUtility\TestConsoleUtility.csproj", "{9C92DCD5-512F-40D6-90CF-666DF5292DA4}"
EndProject
Project("{FAE04EC0-301F-11D3-BF4B-00C04F79EFBC}") = "SentinelConnector", "..\SentinelConnector\SentinelConnector\SentinelConnector.csproj", "{AFF78417-C669-4714-A7CE-73F8A741CDD0}"
EndProject
Global
	GlobalSection(SolutionConfigurationPlatforms) = preSolution
		Debug|Any CPU = Debug|Any CPU
		Release|Any CPU = Release|Any CPU
	EndGlobalSection
	GlobalSection(ProjectConfigurationPlatforms) = postSolution
		{9C92DCD5-512F-40D6-90CF-666DF5292DA4}.Debug|Any CPU.ActiveCfg = Debug|Any CPU
		{9C92DCD5-512F-40D6-90CF-666DF5292DA4}.Debug|Any CPU.Build.0 = Debug|Any CPU
		{9C92DCD5-512F-40D6-90CF-666DF5292DA4}.Release|Any CPU.ActiveCfg = Release|Any CPU
		{9C92DCD5-512F-40D6-90CF-666DF5292DA4}.Release|Any CPU.Build.0 = Release|Any CPU
		{AFF78417-C669-4714-A7CE-73F8A741CDD0}.Debug|Any CPU.ActiveCfg = Debug|Any CPU
		{AFF78417-C669-4714-A7CE-73F8A741CDD0}.Debug|Any CPU.Build.0 = Debug|Any CPU
		{AFF78417-C669-4714-A7CE-73F8A741CDD0}.Release|Any CPU.ActiveCfg = Release|Any CPU
		{AFF78417-C669-4714-A7CE-73F8A741CDD0}.Release|Any CPU.Build.0 = Release|Any CPU
	EndGlobalSection
EndGlobal
