
Microsoft Visual Studio Solution File, Format Version 12.00
# Visual Studio 15
VisualStudioVersion = 15.0.26430.16
MinimumVisualStudioVersion = 10.0.40219.1
Project("{FAE04EC0-301F-11D3-BF4B-00C04F79EFBC}") = "Enterprise", "Enterprise\Enterprise.csproj", "{A44EC6A4-4841-4F7A-8C9D-635BBE945C78}"
EndProject
Project("{FAE04EC0-301F-11D3-BF4B-00C04F79EFBC}") = "Accounting", "Accounting\Accounting.csproj", "{078B73FB-7BD2-417C-814B-C2ECC6A73ABD}"
EndProject
Project("{FAE04EC0-301F-11D3-BF4B-00C04F79EFBC}") = "Stock", "Stock\Stock.csproj", "{ECA531F1-BCCA-45CC-8F45-3AD92CA180E2}"
EndProject
Project("{FAE04EC0-301F-11D3-BF4B-00C04F79EFBC}") = "Staff", "Staff\Staff.csproj", "{58F90392-C3BF-45EA-9224-60AFD197AD6C}"
EndProject
Global
	GlobalSection(SolutionConfigurationPlatforms) = preSolution
		Debug|Any CPU = Debug|Any CPU
		Release|Any CPU = Release|Any CPU
	EndGlobalSection
	GlobalSection(ProjectConfigurationPlatforms) = postSolution
		{A44EC6A4-4841-4F7A-8C9D-635BBE945C78}.Debug|Any CPU.ActiveCfg = Debug|Any CPU
		{A44EC6A4-4841-4F7A-8C9D-635BBE945C78}.Debug|Any CPU.Build.0 = Debug|Any CPU
		{A44EC6A4-4841-4F7A-8C9D-635BBE945C78}.Release|Any CPU.ActiveCfg = Release|Any CPU
		{A44EC6A4-4841-4F7A-8C9D-635BBE945C78}.Release|Any CPU.Build.0 = Release|Any CPU
		{078B73FB-7BD2-417C-814B-C2ECC6A73ABD}.Debug|Any CPU.ActiveCfg = Debug|Any CPU
		{078B73FB-7BD2-417C-814B-C2ECC6A73ABD}.Debug|Any CPU.Build.0 = Debug|Any CPU
		{078B73FB-7BD2-417C-814B-C2ECC6A73ABD}.Release|Any CPU.ActiveCfg = Release|Any CPU
		{078B73FB-7BD2-417C-814B-C2ECC6A73ABD}.Release|Any CPU.Build.0 = Release|Any CPU
		{ECA531F1-BCCA-45CC-8F45-3AD92CA180E2}.Debug|Any CPU.ActiveCfg = Debug|Any CPU
		{ECA531F1-BCCA-45CC-8F45-3AD92CA180E2}.Debug|Any CPU.Build.0 = Debug|Any CPU
		{ECA531F1-BCCA-45CC-8F45-3AD92CA180E2}.Release|Any CPU.ActiveCfg = Release|Any CPU
		{ECA531F1-BCCA-45CC-8F45-3AD92CA180E2}.Release|Any CPU.Build.0 = Release|Any CPU
		{58F90392-C3BF-45EA-9224-60AFD197AD6C}.Debug|Any CPU.ActiveCfg = Debug|Any CPU
		{58F90392-C3BF-45EA-9224-60AFD197AD6C}.Debug|Any CPU.Build.0 = Debug|Any CPU
		{58F90392-C3BF-45EA-9224-60AFD197AD6C}.Release|Any CPU.ActiveCfg = Release|Any CPU
		{58F90392-C3BF-45EA-9224-60AFD197AD6C}.Release|Any CPU.Build.0 = Release|Any CPU
	EndGlobalSection
	GlobalSection(SolutionProperties) = preSolution
		HideSolutionNode = FALSE
	EndGlobalSection
	GlobalSection(ExtensibilityGlobals) = postSolution
		SolutionGuid = {7190590D-8943-4640-AD7D-EB54ABA2BE38}
	EndGlobalSection
EndGlobal
